
Microsoft Visual Studio Solution File, Format Version 12.00
Project("{FAE04EC0-301F-11D3-BF4B-00C04F79EFBC}") = "Epam.TestAutomation.Core", "Epam.TestAutomation.Core\Epam.TestAutomation.Core.csproj", "{08609734-4245-425B-8056-FA7E135894FD}"
EndProject
Project("{FAE04EC0-301F-11D3-BF4B-00C04F79EFBC}") = "Epam.TestAutomation.Utilities", "Epam.TestAutomation.Utilities\Epam.TestAutomation.Utilities.csproj", "{FC305E78-46FF-46AB-9E1E-75204C328A98}"
EndProject
Project("{FAE04EC0-301F-11D3-BF4B-00C04F79EFBC}") = "Epam.TestAutomation.Pages", "Epam.TestAutomation.Pages\Epam.TestAutomation.Pages.csproj", "{AF7AB667-E0D0-43AF-89F8-903CC98CAE54}"
EndProject
Project("{FAE04EC0-301F-11D3-BF4B-00C04F79EFBC}") = "Epam.TestAutomation.Tests", "Epam.TestAutomation.Tests\Epam.TestAutomation.Tests.csproj", "{5C8BDA76-A8AA-4251-8F99-EA9E64F30049}"
EndProject
Project("{FAE04EC0-301F-11D3-BF4B-00C04F79EFBC}") = "Epam.TestAutomation.TestData", "Epam.TestAutomation.TestData\Epam.TestAutomation.TestData.csproj", "{1BB032A4-D07F-440E-BED6-53E610EE2A1C}"
EndProject
Project("{FAE04EC0-301F-11D3-BF4B-00C04F79EFBC}") = "Epam.TestAutomation.API", "Epam.TestAutomation.API\Epam.TestAutomation.API.csproj", "{40DBD22D-6A4B-4E93-AF70-131B3BC23021}"
EndProject
Project("{FAE04EC0-301F-11D3-BF4B-00C04F79EFBC}") = "Epam.TestAutomation.API.Tests", "Epam.TestAutomation.API.Tests\Epam.TestAutomation.API.Tests.csproj", "{8DA6C3B4-3FBD-497A-9698-9F9EADA7BE21}"
EndProject
Project("{FAE04EC0-301F-11D3-BF4B-00C04F79EFBC}") = "Epam.TestAutomation.BDD", "Epam.TestAutomation.BDD\Epam.TestAutomation.BDD.csproj", "{2D55BFB6-7EB2-4728-BAC7-CACF1E7C749D}"
EndProject
Global
	GlobalSection(SolutionConfigurationPlatforms) = preSolution
		Debug|Any CPU = Debug|Any CPU
		Release|Any CPU = Release|Any CPU
	EndGlobalSection
	GlobalSection(ProjectConfigurationPlatforms) = postSolution
		{08609734-4245-425B-8056-FA7E135894FD}.Debug|Any CPU.ActiveCfg = Debug|Any CPU
		{08609734-4245-425B-8056-FA7E135894FD}.Debug|Any CPU.Build.0 = Debug|Any CPU
		{08609734-4245-425B-8056-FA7E135894FD}.Release|Any CPU.ActiveCfg = Release|Any CPU
		{08609734-4245-425B-8056-FA7E135894FD}.Release|Any CPU.Build.0 = Release|Any CPU
		{FC305E78-46FF-46AB-9E1E-75204C328A98}.Debug|Any CPU.ActiveCfg = Debug|Any CPU
		{FC305E78-46FF-46AB-9E1E-75204C328A98}.Debug|Any CPU.Build.0 = Debug|Any CPU
		{FC305E78-46FF-46AB-9E1E-75204C328A98}.Release|Any CPU.ActiveCfg = Release|Any CPU
		{FC305E78-46FF-46AB-9E1E-75204C328A98}.Release|Any CPU.Build.0 = Release|Any CPU
		{AF7AB667-E0D0-43AF-89F8-903CC98CAE54}.Debug|Any CPU.ActiveCfg = Debug|Any CPU
		{AF7AB667-E0D0-43AF-89F8-903CC98CAE54}.Debug|Any CPU.Build.0 = Debug|Any CPU
		{AF7AB667-E0D0-43AF-89F8-903CC98CAE54}.Release|Any CPU.ActiveCfg = Release|Any CPU
		{AF7AB667-E0D0-43AF-89F8-903CC98CAE54}.Release|Any CPU.Build.0 = Release|Any CPU
		{5C8BDA76-A8AA-4251-8F99-EA9E64F30049}.Debug|Any CPU.ActiveCfg = Debug|Any CPU
		{5C8BDA76-A8AA-4251-8F99-EA9E64F30049}.Debug|Any CPU.Build.0 = Debug|Any CPU
		{5C8BDA76-A8AA-4251-8F99-EA9E64F30049}.Release|Any CPU.ActiveCfg = Release|Any CPU
		{5C8BDA76-A8AA-4251-8F99-EA9E64F30049}.Release|Any CPU.Build.0 = Release|Any CPU
		{1BB032A4-D07F-440E-BED6-53E610EE2A1C}.Debug|Any CPU.ActiveCfg = Debug|Any CPU
		{1BB032A4-D07F-440E-BED6-53E610EE2A1C}.Debug|Any CPU.Build.0 = Debug|Any CPU
		{1BB032A4-D07F-440E-BED6-53E610EE2A1C}.Release|Any CPU.ActiveCfg = Release|Any CPU
		{1BB032A4-D07F-440E-BED6-53E610EE2A1C}.Release|Any CPU.Build.0 = Release|Any CPU
		{2D55BFB6-7EB2-4728-BAC7-CACF1E7C749D}.Debug|Any CPU.ActiveCfg = Debug|Any CPU
		{2D55BFB6-7EB2-4728-BAC7-CACF1E7C749D}.Debug|Any CPU.Build.0 = Debug|Any CPU
		{2D55BFB6-7EB2-4728-BAC7-CACF1E7C749D}.Release|Any CPU.ActiveCfg = Release|Any CPU
		{2D55BFB6-7EB2-4728-BAC7-CACF1E7C749D}.Release|Any CPU.Build.0 = Release|Any CPU
		{40DBD22D-6A4B-4E93-AF70-131B3BC23021}.Debug|Any CPU.ActiveCfg = Debug|Any CPU
		{40DBD22D-6A4B-4E93-AF70-131B3BC23021}.Debug|Any CPU.Build.0 = Debug|Any CPU
		{40DBD22D-6A4B-4E93-AF70-131B3BC23021}.Release|Any CPU.ActiveCfg = Release|Any CPU
		{40DBD22D-6A4B-4E93-AF70-131B3BC23021}.Release|Any CPU.Build.0 = Release|Any CPU
		{8DA6C3B4-3FBD-497A-9698-9F9EADA7BE21}.Debug|Any CPU.ActiveCfg = Debug|Any CPU
		{8DA6C3B4-3FBD-497A-9698-9F9EADA7BE21}.Debug|Any CPU.Build.0 = Debug|Any CPU
		{8DA6C3B4-3FBD-497A-9698-9F9EADA7BE21}.Release|Any CPU.ActiveCfg = Release|Any CPU
		{8DA6C3B4-3FBD-497A-9698-9F9EADA7BE21}.Release|Any CPU.Build.0 = Release|Any CPU
	EndGlobalSection
EndGlobal
