
Microsoft Visual Studio Solution File, Format Version 12.00
Project("{FAE04EC0-301F-11D3-BF4B-00C04F79EFBC}") = "Epam.TestAutomation.Core", "Epam.TestAutomation.Core\Epam.TestAutomation.Core.csproj", "{08609734-4245-425B-8056-FA7E135894FD}"
EndProject
Project("{FAE04EC0-301F-11D3-BF4B-00C04F79EFBC}") = "Epam.TestAutomation.Utilities", "Epam.TestAutomation.Utilities\Epam.TestAutomation.Utilities.csproj", "{FC305E78-46FF-46AB-9E1E-75204C328A98}"
EndProject
Project("{FAE04EC0-301F-11D3-BF4B-00C04F79EFBC}") = "Epam.TestAutomation.Pages", "Epam.TestAutomation.Pages\Epam.TestAutomation.Pages.csproj", "{AF7AB667-E0D0-43AF-89F8-903CC98CAE54}"
EndProject
Project("{FAE04EC0-301F-11D3-BF4B-00C04F79EFBC}") = "Epam.TestAutomation.Tests", "Epam.TestAutomation.Tests\Epam.TestAutomation.Tests.csproj", "{5C8BDA76-A8AA-4251-8F99-EA9E64F30049}"
EndProject
Project("{FAE04EC0-301F-11D3-BF4B-00C04F79EFBC}") = "Epam.TestAutomation.TestData", "Epam.TestAutomation.TestData\Epam.TestAutomation.TestData.csproj", "{1BB032A4-D07F-440E-BED6-53E610EE2A1C}"
EndProject
Project("{FAE04EC0-301F-11D3-BF4B-00C04F79EFBC}") = "FinalTest1", "FinalTest1\FinalTest1.csproj", "{0F818328-A324-4D7F-A0B8-4DC37359A79E}"
EndProject
Project("{FAE04EC0-301F-11D3-BF4B-00C04F79EFBC}") = "FinalTest2", "FinalTest2\FinalTest2.csproj", "{3A4C29DB-F69D-458A-9E04-5C59221A6560}"
EndProject
Global
	GlobalSection(SolutionConfigurationPlatforms) = preSolution
		Debug|Any CPU = Debug|Any CPU
		Release|Any CPU = Release|Any CPU
	EndGlobalSection
	GlobalSection(ProjectConfigurationPlatforms) = postSolution
		{08609734-4245-425B-8056-FA7E135894FD}.Debug|Any CPU.ActiveCfg = Debug|Any CPU
		{08609734-4245-425B-8056-FA7E135894FD}.Debug|Any CPU.Build.0 = Debug|Any CPU
		{08609734-4245-425B-8056-FA7E135894FD}.Release|Any CPU.ActiveCfg = Release|Any CPU
		{08609734-4245-425B-8056-FA7E135894FD}.Release|Any CPU.Build.0 = Release|Any CPU
		{FC305E78-46FF-46AB-9E1E-75204C328A98}.Debug|Any CPU.ActiveCfg = Debug|Any CPU
		{FC305E78-46FF-46AB-9E1E-75204C328A98}.Debug|Any CPU.Build.0 = Debug|Any CPU
		{FC305E78-46FF-46AB-9E1E-75204C328A98}.Release|Any CPU.ActiveCfg = Release|Any CPU
		{FC305E78-46FF-46AB-9E1E-75204C328A98}.Release|Any CPU.Build.0 = Release|Any CPU
		{AF7AB667-E0D0-43AF-89F8-903CC98CAE54}.Debug|Any CPU.ActiveCfg = Debug|Any CPU
		{AF7AB667-E0D0-43AF-89F8-903CC98CAE54}.Debug|Any CPU.Build.0 = Debug|Any CPU
		{AF7AB667-E0D0-43AF-89F8-903CC98CAE54}.Release|Any CPU.ActiveCfg = Release|Any CPU
		{AF7AB667-E0D0-43AF-89F8-903CC98CAE54}.Release|Any CPU.Build.0 = Release|Any CPU
		{5C8BDA76-A8AA-4251-8F99-EA9E64F30049}.Debug|Any CPU.ActiveCfg = Debug|Any CPU
		{5C8BDA76-A8AA-4251-8F99-EA9E64F30049}.Debug|Any CPU.Build.0 = Debug|Any CPU
		{5C8BDA76-A8AA-4251-8F99-EA9E64F30049}.Release|Any CPU.ActiveCfg = Release|Any CPU
		{5C8BDA76-A8AA-4251-8F99-EA9E64F30049}.Release|Any CPU.Build.0 = Release|Any CPU
		{1BB032A4-D07F-440E-BED6-53E610EE2A1C}.Debug|Any CPU.ActiveCfg = Debug|Any CPU
		{1BB032A4-D07F-440E-BED6-53E610EE2A1C}.Debug|Any CPU.Build.0 = Debug|Any CPU
		{1BB032A4-D07F-440E-BED6-53E610EE2A1C}.Release|Any CPU.ActiveCfg = Release|Any CPU
		{1BB032A4-D07F-440E-BED6-53E610EE2A1C}.Release|Any CPU.Build.0 = Release|Any CPU
		{0F818328-A324-4D7F-A0B8-4DC37359A79E}.Debug|Any CPU.ActiveCfg = Debug|Any CPU
		{0F818328-A324-4D7F-A0B8-4DC37359A79E}.Debug|Any CPU.Build.0 = Debug|Any CPU
		{0F818328-A324-4D7F-A0B8-4DC37359A79E}.Release|Any CPU.ActiveCfg = Release|Any CPU
		{0F818328-A324-4D7F-A0B8-4DC37359A79E}.Release|Any CPU.Build.0 = Release|Any CPU
		{3A4C29DB-F69D-458A-9E04-5C59221A6560}.Debug|Any CPU.ActiveCfg = Debug|Any CPU
		{3A4C29DB-F69D-458A-9E04-5C59221A6560}.Debug|Any CPU.Build.0 = Debug|Any CPU
		{3A4C29DB-F69D-458A-9E04-5C59221A6560}.Release|Any CPU.ActiveCfg = Release|Any CPU
		{3A4C29DB-F69D-458A-9E04-5C59221A6560}.Release|Any CPU.Build.0 = Release|Any CPU
	EndGlobalSection
EndGlobal
